
Microsoft Visual Studio Solution File, Format Version 12.00
# Visual Studio Version 17
VisualStudioVersion = 17.9.34622.214
MinimumVisualStudioVersion = 10.0.40219.1
Project("{FAE04EC0-301F-11D3-BF4B-00C04F79EFBC}") = "trabalhoFoto", "trabalhoFoto.csproj", "{C712431B-5FE6-4B05-8BD2-3D67FB667E59}"
EndProject
Global
	GlobalSection(SolutionConfigurationPlatforms) = preSolution
		Debug|Any CPU = Debug|Any CPU
		Release|Any CPU = Release|Any CPU
	EndGlobalSection
	GlobalSection(ProjectConfigurationPlatforms) = postSolution
		{C712431B-5FE6-4B05-8BD2-3D67FB667E59}.Debug|Any CPU.ActiveCfg = Debug|Any CPU
		{C712431B-5FE6-4B05-8BD2-3D67FB667E59}.Debug|Any CPU.Build.0 = Debug|Any CPU
		{C712431B-5FE6-4B05-8BD2-3D67FB667E59}.Release|Any CPU.ActiveCfg = Release|Any CPU
		{C712431B-5FE6-4B05-8BD2-3D67FB667E59}.Release|Any CPU.Build.0 = Release|Any CPU
	EndGlobalSection
	GlobalSection(SolutionProperties) = preSolution
		HideSolutionNode = FALSE
	EndGlobalSection
	GlobalSection(ExtensibilityGlobals) = postSolution
		SolutionGuid = {2658302E-AA66-4C70-B1C3-B9368F97B9C4}
	EndGlobalSection
EndGlobal
